
Microsoft Visual Studio Solution File, Format Version 12.00
# Visual Studio Version 17
VisualStudioVersion = 17.8.34316.72
MinimumVisualStudioVersion = 10.0.40219.1
Project("{FAE04EC0-301F-11D3-BF4B-00C04F79EFBC}") = "SignalR Chat", "SignalR Chat.csproj", "{C0D1DD47-304F-4D7E-B68D-4EF0A5282223}"
EndProject
Global
	GlobalSection(SolutionConfigurationPlatforms) = preSolution
		Debug|Any CPU = Debug|Any CPU
		Release|Any CPU = Release|Any CPU
	EndGlobalSection
	GlobalSection(ProjectConfigurationPlatforms) = postSolution
		{C0D1DD47-304F-4D7E-B68D-4EF0A5282223}.Debug|Any CPU.ActiveCfg = Debug|Any CPU
		{C0D1DD47-304F-4D7E-B68D-4EF0A5282223}.Debug|Any CPU.Build.0 = Debug|Any CPU
		{C0D1DD47-304F-4D7E-B68D-4EF0A5282223}.Release|Any CPU.ActiveCfg = Release|Any CPU
		{C0D1DD47-304F-4D7E-B68D-4EF0A5282223}.Release|Any CPU.Build.0 = Release|Any CPU
	EndGlobalSection
	GlobalSection(SolutionProperties) = preSolution
		HideSolutionNode = FALSE
	EndGlobalSection
	GlobalSection(ExtensibilityGlobals) = postSolution
		SolutionGuid = {A2D6B63A-0EB5-4212-A6C1-86FC7D503913}
	EndGlobalSection
EndGlobal
